{
  "name": "fleure_backend",
  "version": "1.0.0",
  "lockfileVersion": 3,
  "requires": true,
  "packages": {
    "": {
      "name": "fleure_backend",
      "version": "1.0.0",
      "license": "ISC"
    }
  },
  "scripts": {
    "test": "echo \"Error: no test specified\" && exit 1",
    "test:workers": "for d in workers/*; do (cd \"$d\" && npm test); done"
  }
}
